github.com/cisnux-seed/greeting v0.0.1 h1:d0k90Mi5cZ7NDhzo6+83lW/KGkk42qsTG7UxXBKzKWc=
github.com/cisnux-seed/greeting v0.0.1/go.mod h1:TeCCROBg1uOWUnGqalD5eNznDSNEOLdIdiNPcZDVPi0=
github.com/cisnux-seed/greeting v0.0.2 h1:WwZR5nG9nU2+7aGA2wNGi29apcecKizzvy44upi1s5U=
github.com/cisnux-seed/greeting v0.0.2/go.mod h1:TeCCROBg1uOWUnGqalD5eNznDSNEOLdIdiNPcZDVPi0=
